
Microsoft Visual Studio Solution File, Format Version 12.00
# Visual Studio Version 16
VisualStudioVersion = 16.0.29920.165
MinimumVisualStudioVersion = 10.0.40219.1
Project("{9A19103F-16F7-4668-BE54-9A1E7A4F7556}") = "Framework", "Framework\Framework.csproj", "{87195BE9-CC77-497C-93CC-538F7C878B5C}"
EndProject
Project("{9A19103F-16F7-4668-BE54-9A1E7A4F7556}") = "Talent", "Talent\Talent.csproj", "{A7132B3F-F44B-401B-82F8-0FF46544FF86}"
EndProject
Global
	GlobalSection(SolutionConfigurationPlatforms) = preSolution
		Debug|Any CPU = Debug|Any CPU
		Release|Any CPU = Release|Any CPU
	EndGlobalSection
	GlobalSection(ProjectConfigurationPlatforms) = postSolution
		{87195BE9-CC77-497C-93CC-538F7C878B5C}.Debug|Any CPU.ActiveCfg = Debug|Any CPU
		{87195BE9-CC77-497C-93CC-538F7C878B5C}.Debug|Any CPU.Build.0 = Debug|Any CPU
		{87195BE9-CC77-497C-93CC-538F7C878B5C}.Release|Any CPU.ActiveCfg = Release|Any CPU
		{87195BE9-CC77-497C-93CC-538F7C878B5C}.Release|Any CPU.Build.0 = Release|Any CPU
		{A7132B3F-F44B-401B-82F8-0FF46544FF86}.Debug|Any CPU.ActiveCfg = Debug|Any CPU
		{A7132B3F-F44B-401B-82F8-0FF46544FF86}.Debug|Any CPU.Build.0 = Debug|Any CPU
		{A7132B3F-F44B-401B-82F8-0FF46544FF86}.Release|Any CPU.ActiveCfg = Release|Any CPU
		{A7132B3F-F44B-401B-82F8-0FF46544FF86}.Release|Any CPU.Build.0 = Release|Any CPU
	EndGlobalSection
	GlobalSection(SolutionProperties) = preSolution
		HideSolutionNode = FALSE
	EndGlobalSection
	GlobalSection(ExtensibilityGlobals) = postSolution
		SolutionGuid = {B67FBDA6-D018-40EF-AA08-596AC2A12EE3}
	EndGlobalSection
EndGlobal
